PODS:
  - Flutter (1.0.0)
  - phyllo_connect (0.0.1):
    - Flutter
    - PhylloConnect
  - PhylloConnect (0.1.4)

DEPENDENCIES:
  - Flutter (from `Flutter`)
  - phyllo_connect (from `.symlinks/plugins/phyllo_connect/ios`)

SPEC REPOS:
  trunk:
    - PhylloConnect

EXTERNAL SOURCES:
  Flutter:
    :path: Flutter
  phyllo_connect:
    :path: ".symlinks/plugins/phyllo_connect/ios"

SPEC CHECKSUMS:
  Flutter: 50d75fe2f02b26cc09d224853bb45737f8b3214a
  phyllo_connect: 5c50adc65e0d834d00a0f37ab4378191009cff3b
  PhylloConnect: cfbd8f39055c57f409ff000f8cbb3bdc53f13d7f

PODFILE CHECKSUM: aafe91acc616949ddb318b77800a7f51bffa2a4c

COCOAPODS: 1.11.2
