PODS:
  - Flutter (1.0.0)
  - phyllo_connect (0.1.9):
    - Flutter
    - PhylloConnect (= 0.1.9)
  - PhylloConnect (0.1.9)

DEPENDENCIES:
  - Flutter (from `Flutter`)
  - phyllo_connect (from `.symlinks/plugins/phyllo_connect/ios`)

SPEC REPOS:
  trunk:
    - PhylloConnect

EXTERNAL SOURCES:
  Flutter:
    :path: Flutter
  phyllo_connect:
    :path: ".symlinks/plugins/phyllo_connect/ios"

SPEC CHECKSUMS:
  Flutter: 50d75fe2f02b26cc09d224853bb45737f8b3214a
  phyllo_connect: 2e3c8e8e98f8f53e5f3ef440ef690c9fbfb65758
  PhylloConnect: 6650a7687d90374f94b1a0363e2e8289dd610a77

PODFILE CHECKSUM: aafe91acc616949ddb318b77800a7f51bffa2a4c

COCOAPODS: 1.11.2
